# This file is automatically @generated by Cargo.
# It is not intended for manual editing.
version = 4

[[package]]
name = "rizzy-cli"
version = "0.0.0"
dependencies = [
 "rizzy-core",
]

[[package]]
name = "rizzy-core"
version = "0.0.0"

[[package]]
name = "rizzy-server"
version = "0.0.0"

[[package]]
name = "rizzy-sync"
version = "0.0.0"
dependencies = [
 "rizzy-core",
]
